
Microsoft Visual Studio Solution File, Format Version 12.00
# Visual Studio Version 16
VisualStudioVersion = 16.0.30114.105
MinimumVisualStudioVersion = 10.0.40219.1
Project("{2150E333-8FDC-42A3-9474-1A3956D46DE8}") = "src", "src", "{BB4200D9-5D9A-4269-8F7B-5EB41CA0DDDF}"
EndProject
Project("{FAE04EC0-301F-11D3-BF4B-00C04F79EFBC}") = "FastCache", "src\FastCache\FastCache.csproj", "{4F2E3438-2F2A-4DEB-B20E-5698539C834E}"
EndProject
Project("{2150E333-8FDC-42A3-9474-1A3956D46DE8}") = "tests", "tests", "{582C21B3-939D-4A06-B52B-B0E6B1BF2618}"
EndProject
Project("{FAE04EC0-301F-11D3-BF4B-00C04F79EFBC}") = "FastCache.Benchmarks", "tests\FastCache.Benchmarks\FastCache.Benchmarks.csproj", "{69FAA984-6AC3-4301-9DE2-5CCA38F73955}"
EndProject
Project("{2150E333-8FDC-42A3-9474-1A3956D46DE8}") = "examples", "examples", "{52329FE0-02E9-47AF-8BB1-5BA73D75E373}"
EndProject
Project("{FAE04EC0-301F-11D3-BF4B-00C04F79EFBC}") = "CachedExample", "examples\CachedExample\CachedExample.csproj", "{8AB1527C-C371-4FDC-94A8-695722523A66}"
EndProject
Global
	GlobalSection(SolutionConfigurationPlatforms) = preSolution
		Debug|Any CPU = Debug|Any CPU
		Release|Any CPU = Release|Any CPU
	EndGlobalSection
	GlobalSection(SolutionProperties) = preSolution
		HideSolutionNode = FALSE
	EndGlobalSection
	GlobalSection(ProjectConfigurationPlatforms) = postSolution
		{4F2E3438-2F2A-4DEB-B20E-5698539C834E}.Debug|Any CPU.ActiveCfg = Debug|Any CPU
		{4F2E3438-2F2A-4DEB-B20E-5698539C834E}.Debug|Any CPU.Build.0 = Debug|Any CPU
		{4F2E3438-2F2A-4DEB-B20E-5698539C834E}.Release|Any CPU.ActiveCfg = Release|Any CPU
		{4F2E3438-2F2A-4DEB-B20E-5698539C834E}.Release|Any CPU.Build.0 = Release|Any CPU
		{69FAA984-6AC3-4301-9DE2-5CCA38F73955}.Debug|Any CPU.ActiveCfg = Debug|Any CPU
		{69FAA984-6AC3-4301-9DE2-5CCA38F73955}.Debug|Any CPU.Build.0 = Debug|Any CPU
		{69FAA984-6AC3-4301-9DE2-5CCA38F73955}.Release|Any CPU.ActiveCfg = Release|Any CPU
		{69FAA984-6AC3-4301-9DE2-5CCA38F73955}.Release|Any CPU.Build.0 = Release|Any CPU
		{8AB1527C-C371-4FDC-94A8-695722523A66}.Debug|Any CPU.ActiveCfg = Debug|Any CPU
		{8AB1527C-C371-4FDC-94A8-695722523A66}.Debug|Any CPU.Build.0 = Debug|Any CPU
		{8AB1527C-C371-4FDC-94A8-695722523A66}.Release|Any CPU.ActiveCfg = Release|Any CPU
		{8AB1527C-C371-4FDC-94A8-695722523A66}.Release|Any CPU.Build.0 = Release|Any CPU
	EndGlobalSection
	GlobalSection(NestedProjects) = preSolution
		{4F2E3438-2F2A-4DEB-B20E-5698539C834E} = {BB4200D9-5D9A-4269-8F7B-5EB41CA0DDDF}
		{69FAA984-6AC3-4301-9DE2-5CCA38F73955} = {582C21B3-939D-4A06-B52B-B0E6B1BF2618}
		{8AB1527C-C371-4FDC-94A8-695722523A66} = {52329FE0-02E9-47AF-8BB1-5BA73D75E373}
	EndGlobalSection
EndGlobal
